
Microsoft Visual Studio Solution File, Format Version 12.00
# Visual Studio Version 16
VisualStudioVersion = 16.0.29609.76
MinimumVisualStudioVersion = 10.0.40219.1
Project("{FAE04EC0-301F-11D3-BF4B-00C04F79EFBC}") = "FP_WebAPI", "FP_WebAPI\FP_WebAPI.csproj", "{695C879C-BB52-429A-BDB0-24CDA8500161}"
EndProject
Global
	GlobalSection(SolutionConfigurationPlatforms) = preSolution
		Debug|Any CPU = Debug|Any CPU
		Release|Any CPU = Release|Any CPU
	EndGlobalSection
	GlobalSection(ProjectConfigurationPlatforms) = postSolution
		{695C879C-BB52-429A-BDB0-24CDA8500161}.Debug|Any CPU.ActiveCfg = Debug|Any CPU
		{695C879C-BB52-429A-BDB0-24CDA8500161}.Debug|Any CPU.Build.0 = Debug|Any CPU
		{695C879C-BB52-429A-BDB0-24CDA8500161}.Release|Any CPU.ActiveCfg = Release|Any CPU
		{695C879C-BB52-429A-BDB0-24CDA8500161}.Release|Any CPU.Build.0 = Release|Any CPU
	EndGlobalSection
	GlobalSection(SolutionProperties) = preSolution
		HideSolutionNode = FALSE
	EndGlobalSection
	GlobalSection(ExtensibilityGlobals) = postSolution
		SolutionGuid = {2A946D4E-B5D8-4360-8A0B-9682E8D11873}
	EndGlobalSection
EndGlobal
